{
  "name": "parseltongue-mcp",
  "version": "0.1.0",
  "lockfileVersion": 3,
  "requires": true,
  "packages": {
    "": {
      "name": "parseltongue-mcp",
      "version": "0.1.0",
      "license": "AGPL-3.0-only",
      "workspaces": [
        "packages/*",
        "servers/*",
        "cli"
      ],
      "engines": {
        "node": ">=20"
      }
    },
    "cli": {
      "name": "@reconlion/parseltongue-capsule-cli",
      "version": "0.1.0",
      "license": "AGPL-3.0-only",
      "dependencies": {
        "@reconlion/capsule-core": "0.1.0",
        "@reconlion/parseltongue-bridge": "0.1.0"
      },
      "bin": {
        "parseltongue-capsule": "src/index.js"
      },
      "engines": {
        "node": ">=20"
      }
    },
    "node_modules/@modelcontextprotocol/core": {
      "version": "2.2.0",
      "resolved": "https://registry.npmjs.org/@modelcontextprotocol/core/-/core-2.2.0.tgz",
      "integrity": "sha512-iLhmprRmWI8EcosOA3wVvww22z02NkgqhV4fBH6f/odQBsi7xnJc0HGmi21yWO+/iKw2yzqVE127Zhna5/+JXw==",
      "license": "MIT",
      "dependencies": {
        "zod": "^4.2.0"
      },
      "engines": {
        "node": ">=20"
      }
    },
    "node_modules/@modelcontextprotocol/server": {
      "version": "2.2.0",
      "resolved": "https://registry.npmjs.org/@modelcontextprotocol/server/-/server-2.2.0.tgz",
      "integrity": "sha512-qFnltjus6Gk8Lx6J1w2RXmr3YPN22MNT6qD6zjAkaiWIlFIFxWClz0rXHNuJF/KSUyn5YGhkSvXkWDbQHVLFEQ==",
      "license": "MIT",
      "dependencies": {
        "@modelcontextprotocol/core": "2.2.0",
        "zod": "^4.2.0"
      },
      "engines": {
        "node": ">=20"
      }
    },
    "node_modules/@noble/ciphers": {
      "version": "2.4.0",
      "resolved": "https://registry.npmjs.org/@noble/ciphers/-/ciphers-2.4.0.tgz",
      "integrity": "sha512-AnjFn0Jv92laAkvMrghlFZq4qQCIN/4DxFV/eooqtC2YTjB7kBeLMS2T9KJX4Dn+ZVXLOwK0lSgqDtx9gvxtiw==",
      "license": "MIT",
      "engines": {
        "node": ">= 20.19.0"
      },
      "funding": {
        "url": "https://paulmillr.com/funding/"
      }
    },
    "node_modules/@noble/curves": {
      "version": "2.4.0",
      "resolved": "https://registry.npmjs.org/@noble/curves/-/curves-2.4.0.tgz",
      "integrity": "sha512-P4/62zrgfH33CneE3Dn4WhJVA22YUU0eR51wKIan4NVRvwsA0YnPTwWGpNbpuacSujmSFLvyzpyuR30+fbq2Ew==",
      "license": "MIT",
      "dependencies": {
        "@noble/hashes": "2.4.0"
      },
      "engines": {
        "node": ">= 20.19.0"
      },
      "funding": {
        "url": "https://paulmillr.com/funding/"
      }
    },
    "node_modules/@noble/hashes": {
      "version": "2.4.0",
      "resolved": "https://registry.npmjs.org/@noble/hashes/-/hashes-2.4.0.tgz",
      "integrity": "sha512-X5XaVWZIBCT7HHZGm5I7ZQXDwLG+bGXuSrMQAW+7Zvl87h1kmc1ZB1VSRJcpUfoUrGQp4Fkoxm5kZ+Ms+aW+eA==",
      "license": "MIT",
      "engines": {
        "node": ">= 20.19.0"
      },
      "funding": {
        "url": "https://paulmillr.com/funding/"
      }
    },
    "node_modules/@reconlion/capsule-core": {
      "resolved": "packages/capsule-core",
      "link": true
    },
    "node_modules/@reconlion/mcp-parseltongue-capsules": {
      "resolved": "servers/capsules",
      "link": true
    },
    "node_modules/@reconlion/mcp-parseltongue-transforms": {
      "resolved": "servers/transforms",
      "link": true
    },
    "node_modules/@reconlion/parseltongue-bridge": {
      "resolved": "packages/parseltongue-bridge",
      "link": true
    },
    "node_modules/@reconlion/parseltongue-capsule-cli": {
      "resolved": "cli",
      "link": true
    },
    "node_modules/zod": {
      "version": "4.6.5",
      "resolved": "https://registry.npmjs.org/zod/-/zod-4.6.5.tgz",
      "integrity": "sha512-v5l/aFXZQeai4awLbOpSoHecE9UiMrnfx75tEXLjNonXVARxQ5mOeipTjROUchszUNCqnE+hqAMujRsRHsut2Q==",
      "license": "MIT",
      "funding": {
        "url": "https://github.com/sponsors/colinhacks"
      }
    },
    "packages/capsule-core": {
      "name": "@reconlion/capsule-core",
      "version": "0.1.0",
      "license": "Apache-2.0",
      "dependencies": {
        "@noble/ciphers": "^2.4.0",
        "@noble/curves": "^2.4.0",
        "@noble/hashes": "^2.4.0"
      },
      "engines": {
        "node": ">=20"
      }
    },
    "packages/parseltongue-bridge": {
      "name": "@reconlion/parseltongue-bridge",
      "version": "0.1.0",
      "license": "AGPL-3.0-only",
      "engines": {
        "node": ">=20"
      }
    },
    "servers/capsules": {
      "name": "@reconlion/mcp-parseltongue-capsules",
      "version": "0.1.0",
      "license": "AGPL-3.0-only",
      "dependencies": {
        "@modelcontextprotocol/server": "^2.0.0",
        "@reconlion/capsule-core": "0.1.0",
        "@reconlion/parseltongue-bridge": "0.1.0",
        "zod": "^4.2.0"
      },
      "bin": {
        "mcp-parseltongue-capsules": "src/index.js"
      },
      "engines": {
        "node": ">=20"
      }
    },
    "servers/transforms": {
      "name": "@reconlion/mcp-parseltongue-transforms",
      "version": "0.1.0",
      "license": "AGPL-3.0-only",
      "dependencies": {
        "@modelcontextprotocol/server": "^2.0.0",
        "@reconlion/parseltongue-bridge": "0.1.0",
        "zod": "^4.2.0"
      },
      "bin": {
        "mcp-parseltongue-transforms": "src/index.js"
      },
      "engines": {
        "node": ">=20"
      }
    }
  }
}
